Microsoft Visual Studio Solution File, Format Version 11.00
# Visual Studio 2008

Project("{6AEA5EB6-6FB4-6004-B68B-45FAEE9BB66E}") = "Chaleco", "Assembly-CSharp.csproj", "{97E3B80F-A34E-FC46-40FD-67BC9095B00F}"
EndProject
Project("{6AEA5EB6-6FB4-6004-B68B-45FAEE9BB66E}") = "Chaleco", "Assembly-CSharp-Editor.csproj", "{0304202F-88FE-4F4E-001C-46D839F806B3}"
EndProject
Global
	GlobalSection(SolutionConfigurationPlatforms) = preSolution
		Debug|Any CPU = Debug|Any CPU
		Release|Any CPU = Release|Any CPU
	EndGlobalSection
	GlobalSection(ProjectConfigurationPlatforms) = postSolution
		{97E3B80F-A34E-FC46-40FD-67BC9095B00F}.Debug|Any CPU.ActiveCfg = Debug|Any CPU
		{97E3B80F-A34E-FC46-40FD-67BC9095B00F}.Debug|Any CPU.Build.0 = Debug|Any CPU
		{97E3B80F-A34E-FC46-40FD-67BC9095B00F}.Release|Any CPU.ActiveCfg = Release|Any CPU
		{97E3B80F-A34E-FC46-40FD-67BC9095B00F}.Release|Any CPU.Build.0 = Release|Any CPU
		{0304202F-88FE-4F4E-001C-46D839F806B3}.Debug|Any CPU.ActiveCfg = Debug|Any CPU
		{0304202F-88FE-4F4E-001C-46D839F806B3}.Debug|Any CPU.Build.0 = Debug|Any CPU
		{0304202F-88FE-4F4E-001C-46D839F806B3}.Release|Any CPU.ActiveCfg = Release|Any CPU
		{0304202F-88FE-4F4E-001C-46D839F806B3}.Release|Any CPU.Build.0 = Release|Any CPU
	EndGlobalSection
	GlobalSection(SolutionProperties) = preSolution
		HideSolutionNode = FALSE
	EndGlobalSection
	GlobalSection(MonoDevelopProperties) = preSolution
		StartupItem = Assembly-CSharp.csproj
	EndGlobalSection
EndGlobal
